
Microsoft Visual Studio Solution File, Format Version 12.00
# Visual Studio Version 16
VisualStudioVersion = 16.0.31624.102
MinimumVisualStudioVersion = 10.0.40219.1
Project("{FAE04EC0-301F-11D3-BF4B-00C04F79EFBC}") = "ASE_Calendar", "ASE_Calendar\ASE_Calendar.csproj", "{2095F3CD-B635-4350-AB41-F10BEB37143A}"
EndProject
Global
	GlobalSection(SolutionConfigurationPlatforms) = preSolution
		Debug|Any CPU = Debug|Any CPU
		Release|Any CPU = Release|Any CPU
	EndGlobalSection
	GlobalSection(ProjectConfigurationPlatforms) = postSolution
		{2095F3CD-B635-4350-AB41-F10BEB37143A}.Debug|Any CPU.ActiveCfg = Debug|Any CPU
		{2095F3CD-B635-4350-AB41-F10BEB37143A}.Debug|Any CPU.Build.0 = Debug|Any CPU
		{2095F3CD-B635-4350-AB41-F10BEB37143A}.Release|Any CPU.ActiveCfg = Release|Any CPU
		{2095F3CD-B635-4350-AB41-F10BEB37143A}.Release|Any CPU.Build.0 = Release|Any CPU
	EndGlobalSection
	GlobalSection(SolutionProperties) = preSolution
		HideSolutionNode = FALSE
	EndGlobalSection
	GlobalSection(ExtensibilityGlobals) = postSolution
		SolutionGuid = {83EEE306-9ADD-46A4-BB4F-6ABE06ADC3CF}
	EndGlobalSection
EndGlobal
